
Microsoft Visual Studio Solution File, Format Version 12.00
# Visual Studio Version 17
VisualStudioVersion = 17.11.35303.130
MinimumVisualStudioVersion = 10.0.40219.1
Project("{9A19103F-16F7-4668-BE54-9A1E7A4F7556}") = "tp4", "tp4\tp4.csproj", "{EA66F9F5-CF6B-4A8B-8C67-D36AB3AF2A6E}"
EndProject
Global
	GlobalSection(SolutionConfigurationPlatforms) = preSolution
		Debug|Any CPU = Debug|Any CPU
		Release|Any CPU = Release|Any CPU
	EndGlobalSection
	GlobalSection(ProjectConfigurationPlatforms) = postSolution
		{EA66F9F5-CF6B-4A8B-8C67-D36AB3AF2A6E}.Debug|Any CPU.ActiveCfg = Debug|Any CPU
		{EA66F9F5-CF6B-4A8B-8C67-D36AB3AF2A6E}.Debug|Any CPU.Build.0 = Debug|Any CPU
		{EA66F9F5-CF6B-4A8B-8C67-D36AB3AF2A6E}.Release|Any CPU.ActiveCfg = Release|Any CPU
		{EA66F9F5-CF6B-4A8B-8C67-D36AB3AF2A6E}.Release|Any CPU.Build.0 = Release|Any CPU
	EndGlobalSection
	GlobalSection(SolutionProperties) = preSolution
		HideSolutionNode = FALSE
	EndGlobalSection
	GlobalSection(ExtensibilityGlobals) = postSolution
		SolutionGuid = {8D0D96AA-8846-4D9B-8B53-DF5F7980EFCB}
	EndGlobalSection
EndGlobal
